Microsoft Visual Studio Solution File, Format Version 12.00
# Visual Studio Version 17
VisualStudioVersion = 17.14.36717.8
MinimumVisualStudioVersion = 10.0.40219.1
Project("{FAE04EC0-301F-11D3-BF4B-00C04F79EFBC}") = "Api", "src\Api\Api.csproj", "{CBAFC0F9-5B69-AE5B-776E-B650E010DF04}"
EndProject
Project("{2150E333-8FDC-42A3-9474-1A3956D46DE8}") = "BuildingBlocks", "BuildingBlocks", "{A1B2C3D4-E5F6-4A5B-8C9D-0E1F2A3B4C5D}"
EndProject
Project("{FAE04EC0-301F-11D3-BF4B-00C04F79EFBC}") = "BuildingBlocks.Domain", "src\BuildingBlocks\Domain\BuildingBlocks.Domain.csproj", "{C3D4E5F6-A7B8-4C5D-9E0F-2A3B4C5D6E7F}"
EndProject
Project("{FAE04EC0-301F-11D3-BF4B-00C04F79EFBC}") = "BuildingBlocks.Application", "src\BuildingBlocks\Application\BuildingBlocks.Application.csproj", "{D4E5F6A7-B8C9-4D5E-9F0A-3B4C5D6E7F8A}"
EndProject
Project("{FAE04EC0-301F-11D3-BF4B-00C04F79EFBC}") = "BuildingBlocks.Infrastructure", "src\BuildingBlocks\Infrastructure\BuildingBlocks.Infrastructure.csproj", "{E5F6A7B8-C9D0-4E5F-9A0B-4C5D6E7F8A9B}"
EndProject
Project("{2150E333-8FDC-42A3-9474-1A3956D46DE8}") = "Modules", "Modules", "{02EA681E-C7D8-13C7-8484-4AC65E1B71E8}"
EndProject
Project("{2150E333-8FDC-42A3-9474-1A3956D46DE8}") = "Identity", "Identity", "{5FCFEA91-9656-41E6-A324-36D1DAF4F756}"
EndProject
Project("{FAE04EC0-301F-11D3-BF4B-00C04F79EFBC}") = "Identity.Application", "src\Modules\Identity\Identity.Application\Identity.Application.csproj", "{6E62EB61-48BF-4AA7-BAA5-7619AC43EA73}"
EndProject
Project("{FAE04EC0-301F-11D3-BF4B-00C04F79EFBC}") = "Identity.Infrastructure", "src\Modules\Identity\Identity.Infrastructure\Identity.Infrastructure.csproj", "{0F4DAC64-9E94-4F98-886C-5157DB7DBA4F}"
EndProject
Project("{2150E333-8FDC-42A3-9474-1A3956D46DE8}") = "FeatureFlags", "FeatureFlags", "{6AB3A071-85A3-4219-A6DE-CC3B40C282A0}"
EndProject
Project("{FAE04EC0-301F-11D3-BF4B-00C04F79EFBC}") = "FeatureFlags.Application", "src\Modules\FeatureFlags\FeatureFlags.Application\FeatureFlags.Application.csproj", "{F21B1178-2FCC-4B52-BB00-66313A9EB2C7}"
EndProject
Project("{FAE04EC0-301F-11D3-BF4B-00C04F79EFBC}") = "FeatureFlags.Domain", "src\Modules\FeatureFlags\FeatureFlags.Domain\FeatureFlags.Domain.csproj", "{7E5993F6-3495-45CE-BF2A-7F91702A8548}"
EndProject
Project("{FAE04EC0-301F-11D3-BF4B-00C04F79EFBC}") = "FeatureFlags.Infrastructure", "src\Modules\FeatureFlags\FeatureFlags.Infrastructure\FeatureFlags.Infrastructure.csproj", "{6E433C81-8E60-4162-B340-891AD3594A23}"
EndProject
Project("{2150E333-8FDC-42A3-9474-1A3956D46DE8}") = "Tickets", "Tickets", "{09EF92DB-F0B7-40B8-B8D6-762162F68EF1}"
EndProject
Project("{FAE04EC0-301F-11D3-BF4B-00C04F79EFBC}") = "Tickets.Application", "src\Modules\Tickets\Tickets.Application\Tickets.Application.csproj", "{9D0B063B-B644-465A-8F29-8CAD9F576CD0}"
EndProject
Project("{FAE04EC0-301F-11D3-BF4B-00C04F79EFBC}") = "Tickets.Domain", "src\Modules\Tickets\Tickets.Domain\Tickets.Domain.csproj", "{D2A71827-7AC2-4E89-88C8-A6BBA0F2508B}"
EndProject
Project("{FAE04EC0-301F-11D3-BF4B-00C04F79EFBC}") = "Tickets.Infrastructure", "src\Modules\Tickets\Tickets.Infrastructure\Tickets.Infrastructure.csproj", "{8D5AB32E-2B91-4496-A109-6E35FE192CF1}"
EndProject
Project("{FAE04EC0-301F-11D3-BF4B-00C04F79EFBC}") = "DatabaseMigrator", "src\Modules\Database\DatabaseMigrator\DatabaseMigrator.csproj", "{09E9A730-AC35-4C82-876D-00C2D9F99F25}"
EndProject
Project("{2150E333-8FDC-42A3-9474-1A3956D46DE8}") = "Tenant", "Tenant", "{F4F19D4C-BC5F-47ED-BA56-1FE4E98066F7}"
EndProject
Project("{FAE04EC0-301F-11D3-BF4B-00C04F79EFBC}") = "Tenant.Application", "src\Modules\Tenant\Tenant.Application\Tenant.Application.csproj", "{9D02B399-5EC5-42D7-B635-28BD95C83385}"
EndProject
Project("{FAE04EC0-301F-11D3-BF4B-00C04F79EFBC}") = "Tenant.Domain", "src\Modules\Tenant\Tenant.Domain\Tenant.Domain.csproj", "{1EAF502A-326E-4E06-A8D6-A21182F1DF5F}"
EndProject
Project("{FAE04EC0-301F-11D3-BF4B-00C04F79EFBC}") = "Tenant.Infrastructure", "src\Modules\Tenant\Tenant.Infrastructure\Tenant.Infrastructure.csproj", "{02FA1D36-DBDB-460F-A473-C165CFEAE191}"
EndProject
Project("{2150E333-8FDC-42A3-9474-1A3956D46DE8}") = "IA", "IA", "{F8537E5E-3481-4A39-952E-BAF5E838CCEF}"
EndProject
Project("{FAE04EC0-301F-11D3-BF4B-00C04F79EFBC}") = "IA.Application", "src\Modules\IA\IA.Application\IA.Application.csproj", "{39A9ED9C-C076-4D9D-89A7-990AB877034F}"
EndProject
Project("{FAE04EC0-301F-11D3-BF4B-00C04F79EFBC}") = "IA.Domain", "src\Modules\IA\IA.Domain\IA.Domain.csproj", "{D507AFB6-57FD-4BD6-9612-E8D86B513446}"
EndProject
Project("{FAE04EC0-301F-11D3-BF4B-00C04F79EFBC}") = "IA.Infrastructure", "src\Modules\IA\IA.Infrastructure\IA.Infrastructure.csproj", "{0FAB0655-2D3E-4FA9-8B8F-F6298085B245}"
EndProject
Project("{2150E333-8FDC-42A3-9474-1A3956D46DE8}") = "Database", "Database", "{A8DA00AF-CF30-45C6-8AD0-965C1317BB46}"
EndProject
Project("{FAE04EC0-301F-11D3-BF4B-00C04F79EFBC}") = "Identity.Domain", "src\Modules\Identity\Identity.Domain\Identity.Domain.csproj", "{AC65F606-64B2-E230-D41C-30E01BD95171}"
EndProject
Global
	GlobalSection(SolutionConfigurationPlatforms) = preSolution
		Debug|Any CPU = Debug|Any CPU
		Release|Any CPU = Release|Any CPU
	EndGlobalSection
	GlobalSection(ProjectConfigurationPlatforms) = postSolution
		{CBAFC0F9-5B69-AE5B-776E-B650E010DF04}.Debug|Any CPU.ActiveCfg = Debug|Any CPU
		{CBAFC0F9-5B69-AE5B-776E-B650E010DF04}.Debug|Any CPU.Build.0 = Debug|Any CPU
		{CBAFC0F9-5B69-AE5B-776E-B650E010DF04}.Release|Any CPU.ActiveCfg = Release|Any CPU
		{CBAFC0F9-5B69-AE5B-776E-B650E010DF04}.Release|Any CPU.Build.0 = Release|Any CPU
		{C3D4E5F6-A7B8-4C5D-9E0F-2A3B4C5D6E7F}.Debug|Any CPU.ActiveCfg = Debug|Any CPU
		{C3D4E5F6-A7B8-4C5D-9E0F-2A3B4C5D6E7F}.Debug|Any CPU.Build.0 = Debug|Any CPU
		{C3D4E5F6-A7B8-4C5D-9E0F-2A3B4C5D6E7F}.Release|Any CPU.ActiveCfg = Release|Any CPU
		{C3D4E5F6-A7B8-4C5D-9E0F-2A3B4C5D6E7F}.Release|Any CPU.Build.0 = Release|Any CPU
		{D4E5F6A7-B8C9-4D5E-9F0A-3B4C5D6E7F8A}.Debug|Any CPU.ActiveCfg = Debug|Any CPU
		{D4E5F6A7-B8C9-4D5E-9F0A-3B4C5D6E7F8A}.Debug|Any CPU.Build.0 = Debug|Any CPU
		{D4E5F6A7-B8C9-4D5E-9F0A-3B4C5D6E7F8A}.Release|Any CPU.ActiveCfg = Release|Any CPU
		{D4E5F6A7-B8C9-4D5E-9F0A-3B4C5D6E7F8A}.Release|Any CPU.Build.0 = Release|Any CPU
		{E5F6A7B8-C9D0-4E5F-9A0B-4C5D6E7F8A9B}.Debug|Any CPU.ActiveCfg = Debug|Any CPU
		{E5F6A7B8-C9D0-4E5F-9A0B-4C5D6E7F8A9B}.Debug|Any CPU.Build.0 = Debug|Any CPU
		{E5F6A7B8-C9D0-4E5F-9A0B-4C5D6E7F8A9B}.Release|Any CPU.ActiveCfg = Release|Any CPU
		{E5F6A7B8-C9D0-4E5F-9A0B-4C5D6E7F8A9B}.Release|Any CPU.Build.0 = Release|Any CPU
		{6E62EB61-48BF-4AA7-BAA5-7619AC43EA73}.Debug|Any CPU.ActiveCfg = Debug|Any CPU
		{6E62EB61-48BF-4AA7-BAA5-7619AC43EA73}.Debug|Any CPU.Build.0 = Debug|Any CPU
		{6E62EB61-48BF-4AA7-BAA5-7619AC43EA73}.Release|Any CPU.ActiveCfg = Release|Any CPU
		{6E62EB61-48BF-4AA7-BAA5-7619AC43EA73}.Release|Any CPU.Build.0 = Release|Any CPU
		{0F4DAC64-9E94-4F98-886C-5157DB7DBA4F}.Debug|Any CPU.ActiveCfg = Debug|Any CPU
		{0F4DAC64-9E94-4F98-886C-5157DB7DBA4F}.Debug|Any CPU.Build.0 = Debug|Any CPU
		{0F4DAC64-9E94-4F98-886C-5157DB7DBA4F}.Release|Any CPU.ActiveCfg = Release|Any CPU
		{0F4DAC64-9E94-4F98-886C-5157DB7DBA4F}.Release|Any CPU.Build.0 = Release|Any CPU
		{F21B1178-2FCC-4B52-BB00-66313A9EB2C7}.Debug|Any CPU.ActiveCfg = Debug|Any CPU
		{F21B1178-2FCC-4B52-BB00-66313A9EB2C7}.Debug|Any CPU.Build.0 = Debug|Any CPU
		{F21B1178-2FCC-4B52-BB00-66313A9EB2C7}.Release|Any CPU.ActiveCfg = Release|Any CPU
		{F21B1178-2FCC-4B52-BB00-66313A9EB2C7}.Release|Any CPU.Build.0 = Release|Any CPU
		{7E5993F6-3495-45CE-BF2A-7F91702A8548}.Debug|Any CPU.ActiveCfg = Debug|Any CPU
		{7E5993F6-3495-45CE-BF2A-7F91702A8548}.Debug|Any CPU.Build.0 = Debug|Any CPU
		{7E5993F6-3495-45CE-BF2A-7F91702A8548}.Release|Any CPU.ActiveCfg = Release|Any CPU
		{7E5993F6-3495-45CE-BF2A-7F91702A8548}.Release|Any CPU.Build.0 = Release|Any CPU
		{6E433C81-8E60-4162-B340-891AD3594A23}.Debug|Any CPU.ActiveCfg = Debug|Any CPU
		{6E433C81-8E60-4162-B340-891AD3594A23}.Debug|Any CPU.Build.0 = Debug|Any CPU
		{6E433C81-8E60-4162-B340-891AD3594A23}.Release|Any CPU.ActiveCfg = Release|Any CPU
		{6E433C81-8E60-4162-B340-891AD3594A23}.Release|Any CPU.Build.0 = Release|Any CPU
		{9D0B063B-B644-465A-8F29-8CAD9F576CD0}.Debug|Any CPU.ActiveCfg = Debug|Any CPU
		{9D0B063B-B644-465A-8F29-8CAD9F576CD0}.Debug|Any CPU.Build.0 = Debug|Any CPU
		{9D0B063B-B644-465A-8F29-8CAD9F576CD0}.Release|Any CPU.ActiveCfg = Release|Any CPU
		{9D0B063B-B644-465A-8F29-8CAD9F576CD0}.Release|Any CPU.Build.0 = Release|Any CPU
		{D2A71827-7AC2-4E89-88C8-A6BBA0F2508B}.Debug|Any CPU.ActiveCfg = Debug|Any CPU
		{D2A71827-7AC2-4E89-88C8-A6BBA0F2508B}.Debug|Any CPU.Build.0 = Debug|Any CPU
		{D2A71827-7AC2-4E89-88C8-A6BBA0F2508B}.Release|Any CPU.ActiveCfg = Release|Any CPU
		{D2A71827-7AC2-4E89-88C8-A6BBA0F2508B}.Release|Any CPU.Build.0 = Release|Any CPU
		{8D5AB32E-2B91-4496-A109-6E35FE192CF1}.Debug|Any CPU.ActiveCfg = Debug|Any CPU
		{8D5AB32E-2B91-4496-A109-6E35FE192CF1}.Debug|Any CPU.Build.0 = Debug|Any CPU
		{8D5AB32E-2B91-4496-A109-6E35FE192CF1}.Release|Any CPU.ActiveCfg = Release|Any CPU
		{8D5AB32E-2B91-4496-A109-6E35FE192CF1}.Release|Any CPU.Build.0 = Release|Any CPU
		{09E9A730-AC35-4C82-876D-00C2D9F99F25}.Debug|Any CPU.ActiveCfg = Debug|Any CPU
		{09E9A730-AC35-4C82-876D-00C2D9F99F25}.Debug|Any CPU.Build.0 = Debug|Any CPU
		{09E9A730-AC35-4C82-876D-00C2D9F99F25}.Release|Any CPU.ActiveCfg = Release|Any CPU
		{09E9A730-AC35-4C82-876D-00C2D9F99F25}.Release|Any CPU.Build.0 = Release|Any CPU
		{9D02B399-5EC5-42D7-B635-28BD95C83385}.Debug|Any CPU.ActiveCfg = Debug|Any CPU
		{9D02B399-5EC5-42D7-B635-28BD95C83385}.Debug|Any CPU.Build.0 = Debug|Any CPU
		{9D02B399-5EC5-42D7-B635-28BD95C83385}.Release|Any CPU.ActiveCfg = Release|Any CPU
		{9D02B399-5EC5-42D7-B635-28BD95C83385}.Release|Any CPU.Build.0 = Release|Any CPU
		{1EAF502A-326E-4E06-A8D6-A21182F1DF5F}.Debug|Any CPU.ActiveCfg = Debug|Any CPU
		{1EAF502A-326E-4E06-A8D6-A21182F1DF5F}.Debug|Any CPU.Build.0 = Debug|Any CPU
		{1EAF502A-326E-4E06-A8D6-A21182F1DF5F}.Release|Any CPU.ActiveCfg = Release|Any CPU
		{1EAF502A-326E-4E06-A8D6-A21182F1DF5F}.Release|Any CPU.Build.0 = Release|Any CPU
		{02FA1D36-DBDB-460F-A473-C165CFEAE191}.Debug|Any CPU.ActiveCfg = Debug|Any CPU
		{02FA1D36-DBDB-460F-A473-C165CFEAE191}.Debug|Any CPU.Build.0 = Debug|Any CPU
		{02FA1D36-DBDB-460F-A473-C165CFEAE191}.Release|Any CPU.ActiveCfg = Release|Any CPU
		{02FA1D36-DBDB-460F-A473-C165CFEAE191}.Release|Any CPU.Build.0 = Release|Any CPU
		{39A9ED9C-C076-4D9D-89A7-990AB877034F}.Debug|Any CPU.ActiveCfg = Debug|Any CPU
		{39A9ED9C-C076-4D9D-89A7-990AB877034F}.Debug|Any CPU.Build.0 = Debug|Any CPU
		{39A9ED9C-C076-4D9D-89A7-990AB877034F}.Release|Any CPU.ActiveCfg = Release|Any CPU
		{39A9ED9C-C076-4D9D-89A7-990AB877034F}.Release|Any CPU.Build.0 = Release|Any CPU
		{D507AFB6-57FD-4BD6-9612-E8D86B513446}.Debug|Any CPU.ActiveCfg = Debug|Any CPU
		{D507AFB6-57FD-4BD6-9612-E8D86B513446}.Debug|Any CPU.Build.0 = Debug|Any CPU
		{D507AFB6-57FD-4BD6-9612-E8D86B513446}.Release|Any CPU.ActiveCfg = Release|Any CPU
		{D507AFB6-57FD-4BD6-9612-E8D86B513446}.Release|Any CPU.Build.0 = Release|Any CPU
		{0FAB0655-2D3E-4FA9-8B8F-F6298085B245}.Debug|Any CPU.ActiveCfg = Debug|Any CPU
		{0FAB0655-2D3E-4FA9-8B8F-F6298085B245}.Debug|Any CPU.Build.0 = Debug|Any CPU
		{0FAB0655-2D3E-4FA9-8B8F-F6298085B245}.Release|Any CPU.ActiveCfg = Release|Any CPU
		{0FAB0655-2D3E-4FA9-8B8F-F6298085B245}.Release|Any CPU.Build.0 = Release|Any CPU
		{AC65F606-64B2-E230-D41C-30E01BD95171}.Debug|Any CPU.ActiveCfg = Debug|Any CPU
		{AC65F606-64B2-E230-D41C-30E01BD95171}.Debug|Any CPU.Build.0 = Debug|Any CPU
		{AC65F606-64B2-E230-D41C-30E01BD95171}.Release|Any CPU.ActiveCfg = Release|Any CPU
		{AC65F606-64B2-E230-D41C-30E01BD95171}.Release|Any CPU.Build.0 = Release|Any CPU
	EndGlobalSection
	GlobalSection(SolutionProperties) = preSolution
		HideSolutionNode = FALSE
	EndGlobalSection
	GlobalSection(NestedProjects) = preSolution
		{C3D4E5F6-A7B8-4C5D-9E0F-2A3B4C5D6E7F} = {A1B2C3D4-E5F6-4A5B-8C9D-0E1F2A3B4C5D}
		{D4E5F6A7-B8C9-4D5E-9F0A-3B4C5D6E7F8A} = {A1B2C3D4-E5F6-4A5B-8C9D-0E1F2A3B4C5D}
		{E5F6A7B8-C9D0-4E5F-9A0B-4C5D6E7F8A9B} = {A1B2C3D4-E5F6-4A5B-8C9D-0E1F2A3B4C5D}
		{5FCFEA91-9656-41E6-A324-36D1DAF4F756} = {02EA681E-C7D8-13C7-8484-4AC65E1B71E8}
		{6E62EB61-48BF-4AA7-BAA5-7619AC43EA73} = {5FCFEA91-9656-41E6-A324-36D1DAF4F756}
		{0F4DAC64-9E94-4F98-886C-5157DB7DBA4F} = {5FCFEA91-9656-41E6-A324-36D1DAF4F756}
		{6AB3A071-85A3-4219-A6DE-CC3B40C282A0} = {02EA681E-C7D8-13C7-8484-4AC65E1B71E8}
		{F21B1178-2FCC-4B52-BB00-66313A9EB2C7} = {6AB3A071-85A3-4219-A6DE-CC3B40C282A0}
		{7E5993F6-3495-45CE-BF2A-7F91702A8548} = {6AB3A071-85A3-4219-A6DE-CC3B40C282A0}
		{6E433C81-8E60-4162-B340-891AD3594A23} = {6AB3A071-85A3-4219-A6DE-CC3B40C282A0}
		{09EF92DB-F0B7-40B8-B8D6-762162F68EF1} = {02EA681E-C7D8-13C7-8484-4AC65E1B71E8}
		{9D0B063B-B644-465A-8F29-8CAD9F576CD0} = {09EF92DB-F0B7-40B8-B8D6-762162F68EF1}
		{D2A71827-7AC2-4E89-88C8-A6BBA0F2508B} = {09EF92DB-F0B7-40B8-B8D6-762162F68EF1}
		{8D5AB32E-2B91-4496-A109-6E35FE192CF1} = {09EF92DB-F0B7-40B8-B8D6-762162F68EF1}
		{09E9A730-AC35-4C82-876D-00C2D9F99F25} = {A8DA00AF-CF30-45C6-8AD0-965C1317BB46}
		{F4F19D4C-BC5F-47ED-BA56-1FE4E98066F7} = {02EA681E-C7D8-13C7-8484-4AC65E1B71E8}
		{9D02B399-5EC5-42D7-B635-28BD95C83385} = {F4F19D4C-BC5F-47ED-BA56-1FE4E98066F7}
		{1EAF502A-326E-4E06-A8D6-A21182F1DF5F} = {F4F19D4C-BC5F-47ED-BA56-1FE4E98066F7}
		{02FA1D36-DBDB-460F-A473-C165CFEAE191} = {F4F19D4C-BC5F-47ED-BA56-1FE4E98066F7}
		{F8537E5E-3481-4A39-952E-BAF5E838CCEF} = {02EA681E-C7D8-13C7-8484-4AC65E1B71E8}
		{39A9ED9C-C076-4D9D-89A7-990AB877034F} = {F8537E5E-3481-4A39-952E-BAF5E838CCEF}
		{D507AFB6-57FD-4BD6-9612-E8D86B513446} = {F8537E5E-3481-4A39-952E-BAF5E838CCEF}
		{0FAB0655-2D3E-4FA9-8B8F-F6298085B245} = {F8537E5E-3481-4A39-952E-BAF5E838CCEF}
		{A8DA00AF-CF30-45C6-8AD0-965C1317BB46} = {02EA681E-C7D8-13C7-8484-4AC65E1B71E8}
		{AC65F606-64B2-E230-D41C-30E01BD95171} = {5FCFEA91-9656-41E6-A324-36D1DAF4F756}
	EndGlobalSection
	GlobalSection(ExtensibilityGlobals) = postSolution
		SolutionGuid = {0F506433-D3F7-4285-920E-21E11876170D}
	EndGlobalSection
EndGlobal
